
Microsoft Visual Studio Solution File, Format Version 12.00
# Visual Studio 15
VisualStudioVersion = 15.0.26430.6
MinimumVisualStudioVersion = 10.0.40219.1
Project("{FAE04EC0-301F-11D3-BF4B-00C04F79EFBC}") = "StateMachineWithCharacteristicByValues", "StateMachineWithCharacteristicByValues\StateMachineWithCharacteristicByValues.csproj", "{3ECD5C71-2E82-4BEF-A39C-671124DC1C30}"
EndProject
Global
	GlobalSection(SolutionConfigurationPlatforms) = preSolution
		Debug|Any CPU = Debug|Any CPU
		Release|Any CPU = Release|Any CPU
	EndGlobalSection
	GlobalSection(ProjectConfigurationPlatforms) = postSolution
		{3ECD5C71-2E82-4BEF-A39C-671124DC1C30}.Debug|Any CPU.ActiveCfg = Debug|Any CPU
		{3ECD5C71-2E82-4BEF-A39C-671124DC1C30}.Debug|Any CPU.Build.0 = Debug|Any CPU
		{3ECD5C71-2E82-4BEF-A39C-671124DC1C30}.Release|Any CPU.ActiveCfg = Release|Any CPU
		{3ECD5C71-2E82-4BEF-A39C-671124DC1C30}.Release|Any CPU.Build.0 = Release|Any CPU
	EndGlobalSection
	GlobalSection(SolutionProperties) = preSolution
		HideSolutionNode = FALSE
	EndGlobalSection
EndGlobal
