
Microsoft Visual Studio Solution File, Format Version 12.00
# Visual Studio 15
VisualStudioVersion = 15.0.27130.2010
MinimumVisualStudioVersion = 10.0.40219.1
Project("{FAE04EC0-301F-11D3-BF4B-00C04F79EFBC}") = "SomeSimpleApplication", "SomeSimpleApplication\SomeSimpleApplication.csproj", "{941D93FB-4DAD-4996-8748-4D3256CF035B}"
EndProject
Global
	GlobalSection(SolutionConfigurationPlatforms) = preSolution
		Debug|Any CPU = Debug|Any CPU
		Release|Any CPU = Release|Any CPU
	EndGlobalSection
	GlobalSection(ProjectConfigurationPlatforms) = postSolution
		{941D93FB-4DAD-4996-8748-4D3256CF035B}.Debug|Any CPU.ActiveCfg = Debug|Any CPU
		{941D93FB-4DAD-4996-8748-4D3256CF035B}.Debug|Any CPU.Build.0 = Debug|Any CPU
		{941D93FB-4DAD-4996-8748-4D3256CF035B}.Release|Any CPU.ActiveCfg = Release|Any CPU
		{941D93FB-4DAD-4996-8748-4D3256CF035B}.Release|Any CPU.Build.0 = Release|Any CPU
	EndGlobalSection
	GlobalSection(SolutionProperties) = preSolution
		HideSolutionNode = FALSE
	EndGlobalSection
	GlobalSection(ExtensibilityGlobals) = postSolution
		SolutionGuid = {E61CE3D7-987A-4675-BC9C-7ABCF5D3F37F}
	EndGlobalSection
EndGlobal
