
Microsoft Visual Studio Solution File, Format Version 12.00
# Visual Studio Version 16
VisualStudioVersion = 16.0.30104.148
MinimumVisualStudioVersion = 10.0.40219.1
Project("{FAE04EC0-301F-11D3-BF4B-00C04F79EFBC}") = "StateOnUi", "StateOnUi.csproj", "{8521436A-8D04-4E2A-AFD9-BC1252AD7311}"
EndProject
Global
	GlobalSection(SolutionConfigurationPlatforms) = preSolution
		Debug|Any CPU = Debug|Any CPU
		Release|Any CPU = Release|Any CPU
	EndGlobalSection
	GlobalSection(ProjectConfigurationPlatforms) = postSolution
		{8521436A-8D04-4E2A-AFD9-BC1252AD7311}.Debug|Any CPU.ActiveCfg = Debug|Any CPU
		{8521436A-8D04-4E2A-AFD9-BC1252AD7311}.Debug|Any CPU.Build.0 = Debug|Any CPU
		{8521436A-8D04-4E2A-AFD9-BC1252AD7311}.Release|Any CPU.ActiveCfg = Release|Any CPU
		{8521436A-8D04-4E2A-AFD9-BC1252AD7311}.Release|Any CPU.Build.0 = Release|Any CPU
	EndGlobalSection
	GlobalSection(SolutionProperties) = preSolution
		HideSolutionNode = FALSE
	EndGlobalSection
	GlobalSection(ExtensibilityGlobals) = postSolution
		SolutionGuid = {09C274AA-B5AA-4C86-A8A3-13D363C38E1F}
	EndGlobalSection
EndGlobal
